{
    "requires": true,
    "lockfileVersion": 1,
    "dependencies": {
        "foundation-sites": {
            "version": "6.5.1",
            "resolved": "https://registry.npmjs.org/foundation-sites/-/foundation-sites-6.5.1.tgz",
            "integrity": "sha512-Z+FiBvogwIDjRlefJ5pYkVcmsGx3pbndRJ80+OvPvI9UwfKCif6YtOyTxpCjUoS3XBlOms5vYonfnasp2V2wZw==",
            "dev": true
        },
        "vue-router": {
            "version": "3.0.2",
            "resolved": "https://registry.npmjs.org/vue-router/-/vue-router-3.0.2.tgz",
            "integrity": "sha512-opKtsxjp9eOcFWdp6xLQPLmRGgfM932Tl56U9chYTnoWqKxQ8M20N7AkdEbM5beUh6wICoFGYugAX9vQjyJLFg==",
            "dev": true
        }
    }
}
